<?xml version="1.0" encoding="UTF-8"?>
<!DOCTYPE plist PUBLIC "-//Apple//DTD PLIST 1.0//EN" "http://www.apple.com/DTDs/PropertyList-1.0.dtd">
<plist version="1.0">
<dict>
	<key>archiveVersion</key>
	<string>1</string>
	<key>classes</key>
	<dict/>
	<key>objectVersion</key>
	<string>46</string>
	<key>objects</key>
	<dict>
		<key>1A7CAB85A0EE479F99B49D81</key>
		<dict>
			<key>buildActionMask</key>
			<string>2147483647</string>
			<key>files</key>
			<array/>
			<key>inputPaths</key>
			<array/>
			<key>isa</key>
			<string>PBXShellScriptBuildPhase</string>
			<key>name</key>
			<string>Check Pods Manifest.lock</string>
			<key>outputPaths</key>
			<array/>
			<key>runOnlyForDeploymentPostprocessing</key>
			<string>0</string>
			<key>shellPath</key>
			<string>/bin/sh</string>
			<key>shellScript</key>
			<string>diff "${PODS_ROOT}/../Podfile.lock" "${PODS_ROOT}/Manifest.lock" &gt; /dev/null
if [[ $? != 0 ]] ; then
    cat &lt;&lt; EOM
error: The sandbox is not in sync with the Podfile.lock. Run 'pod install' or update your CocoaPods installation.
EOM
    exit 1
fi
</string>
			<key>showEnvVarsInLog</key>
			<string>0</string>
		</dict>
		<key>8267202F80A49ECB54FAE8C5</key>
		<dict>
			<key>includeInIndex</key>
			<string>1</string>
			<key>isa</key>
			<string>PBXFileReference</string>
			<key>lastKnownFileType</key>
			<string>text.xcconfig</string>
			<key>name</key>
			<string>Pods.debug.xcconfig</string>
			<key>path</key>
			<string>Pods/Target Support Files/Pods/Pods.debug.xcconfig</string>
			<key>sourceTree</key>
			<string>&lt;group&gt;</string>
		</dict>
		<key>91CE9E8A392D419192642042</key>
		<dict>
			<key>explicitFileType</key>
			<string>archive.ar</string>
			<key>includeInIndex</key>
			<string>0</string>
			<key>isa</key>
			<string>PBXFileReference</string>
			<key>path</key>
			<string>libPods.a</string>
			<key>sourceTree</key>
			<string>BUILT_PRODUCTS_DIR</string>
		</dict>
		<key>99D4B4312EC745B09032882F</key>
		<dict>
			<key>buildActionMask</key>
			<string>2147483647</string>
			<key>files</key>
			<array/>
			<key>inputPaths</key>
			<array/>
			<key>isa</key>
			<string>PBXShellScriptBuildPhase</string>
			<key>name</key>
			<string>Copy Pods Resources</string>
			<key>outputPaths</key>
			<array/>
			<key>runOnlyForDeploymentPostprocessing</key>
			<string>0</string>
			<key>shellPath</key>
			<string>/bin/sh</string>
			<key>shellScript</key>
			<string>"${SRCROOT}/Pods/Target Support Files/Pods/Pods-resources.sh"
</string>
			<key>showEnvVarsInLog</key>
			<string>0</string>
		</dict>
		<key>A2AF0953A2E72EF76EC522C0</key>
		<dict>
			<key>children</key>
			<array>
				<string>8267202F80A49ECB54FAE8C5</string>
				<string>AD96F22611D6B56EB369DEC8</string>
			</array>
			<key>isa</key>
			<string>PBXGroup</string>
			<key>name</key>
			<string>Pods</string>
			<key>sourceTree</key>
			<string>&lt;group&gt;</string>
		</dict>
		<key>A2DB309C6A4B40348D024CF7</key>
		<dict>
			<key>fileRef</key>
			<string>91CE9E8A392D419192642042</string>
			<key>isa</key>
			<string>PBXBuildFile</string>
		</dict>
		<key>AD96F22611D6B56EB369DEC8</key>
		<dict>
			<key>includeInIndex</key>
			<string>1</string>
			<key>isa</key>
			<string>PBXFileReference</string>
			<key>lastKnownFileType</key>
			<string>text.xcconfig</string>
			<key>name</key>
			<string>Pods.release.xcconfig</string>
			<key>path</key>
			<string>Pods/Target Support Files/Pods/Pods.release.xcconfig</string>
			<key>sourceTree</key>
			<string>&lt;group&gt;</string>
		</dict>
		<key>E42B68538280482497D5ECB4</key>
		<dict>
			<key>buildActionMask</key>
			<string>2147483647</string>
			<key>files</key>
			<array/>
			<key>inputPaths</key>
			<array/>
			<key>isa</key>
			<string>PBXShellScriptBuildPhase</string>
			<key>name</key>
			<string>Check Pods Manifest.lock</string>
			<key>outputPaths</key>
			<array/>
			<key>runOnlyForDeploymentPostprocessing</key>
			<string>0</string>
			<key>shellPath</key>
			<string>/bin/sh</string>
			<key>shellScript</key>
			<string>diff "${PODS_ROOT}/../Podfile.lock" "${PODS_ROOT}/Manifest.lock" &gt; /dev/null
if [[ $? != 0 ]] ; then
    cat &lt;&lt; EOM
error: The sandbox is not in sync with the Podfile.lock. Run 'pod install' or update your CocoaPods installation.
EOM
    exit 1
fi
</string>
			<key>showEnvVarsInLog</key>
			<string>0</string>
		</dict>
		<key>F6045492182A23930027C174</key>
		<dict>
			<key>children</key>
			<array>
				<string>F60454A0182A23930027C174</string>
				<string>F60454B4182A23930027C174</string>
				<string>F604549D182A23930027C174</string>
				<string>F604549C182A23930027C174</string>
				<string>A2AF0953A2E72EF76EC522C0</string>
			</array>
			<key>isa</key>
			<string>PBXGroup</string>
			<key>sourceTree</key>
			<string>&lt;group&gt;</string>
		</dict>
		<key>F6045493182A23930027C174</key>
		<dict>
			<key>attributes</key>
			<dict>
				<key>LastUpgradeCheck</key>
				<string>0510</string>
				<key>ORGANIZATIONNAME</key>
				<string>Up To Eleven</string>
			</dict>
			<key>buildConfigurationList</key>
			<string>F6045496182A23930027C174</string>
			<key>compatibilityVersion</key>
			<string>Xcode 3.2</string>
			<key>developmentRegion</key>
			<string>English</string>
			<key>hasScannedForEncodings</key>
			<string>0</string>
			<key>isa</key>
			<string>PBXProject</string>
			<key>knownRegions</key>
			<array>
				<string>en</string>
			</array>
			<key>mainGroup</key>
			<string>F6045492182A23930027C174</string>
			<key>productRefGroup</key>
			<string>F604549C182A23930027C174</string>
			<key>projectDirPath</key>
			<string></string>
			<key>projectReferences</key>
			<array/>
			<key>projectRoot</key>
			<string></string>
			<key>targets</key>
			<array>
				<string>F604549A182A23930027C174</string>
				<string>F60454AA182A23930027C174</string>
				<string>F6227C541836383F001F32E8</string>
			</array>
		</dict>
		<key>F6045496182A23930027C174</key>
		<dict>
			<key>buildConfigurations</key>
			<array>
				<string>F60454BC182A23930027C174</string>
				<string>F60454BD182A23930027C174</string>
			</array>
			<key>defaultConfigurationIsVisible</key>
			<string>0</string>
			<key>defaultConfigurationName</key>
			<string>Release</string>
			<key>isa</key>
			<string>XCConfigurationList</string>
		</dict>
		<key>F6045497182A23930027C174</key>
		<dict>
			<key>buildActionMask</key>
			<string>2147483647</string>
			<key>files</key>
			<array>
				<string>F6FFC7B51834F35B00A78E94</string>
				<string>F68DADE81846089400414A30</string>
				<string>F60454A6182A23930027C174</string>
				<string>F61002101864277000A7D332</string>
				<string>F6E118C118D8730A004204BF</string>
				<string>F6EF331718311A1400EF6D00</string>
				<string>F65A46BE182A745B00229A48</string>
				<string>F6C1E784182BB86D00A371B6</string>
				<string>F65A46C5182A8CFE00229A48</string>
				<string>F6C1E77F182BA82300A371B6</string>
				<string>F6607D88184CD00900393CD3</string>
				<string>F69B80C118437A4500C7210B</string>
				<string>F69B80C6184391B800C7210B</string>
				<string>F6C1E789182BBB7D00A371B6</string>
				<string>F6C1E793182CF05800A371B6</string>
				<string>F6EF331D1831236800EF6D00</string>
				<string>F610020C1864268700A7D332</string>
				<string>F610021C1864454300A7D332</string>
				<string>F69B80CB18439D1700C7210B</string>
				<string>F612E74C18D0A220004FE0C5</string>
				<string>F65A46C2182A814900229A48</string>
				<string>F6E1191318DC358E004204BF</string>
				<string>F68730491844D172000C6F06</string>
				<string>F612E74718D0A155004FE0C5</string>
				<string>F69B80D51844845900C7210B</string>
			</array>
			<key>isa</key>
			<string>PBXSourcesBuildPhase</string>
			<key>runOnlyForDeploymentPostprocessing</key>
			<string>0</string>
		</dict>
		<key>F6045498182A23930027C174</key>
		<dict>
			<key>buildActionMask</key>
			<string>2147483647</string>
			<key>files</key>
			<array>
				<string>F604549F182A23930027C174</string>
				<string>F6C9DA14191A531D001A1778</string>
				<string>A2DB309C6A4B40348D024CF7</string>
			</array>
			<key>isa</key>
			<string>PBXFrameworksBuildPhase</string>
			<key>runOnlyForDeploymentPostprocessing</key>
			<string>0</string>
		</dict>
		<key>F6045499182A23930027C174</key>
		<dict>
			<key>buildActionMask</key>
			<string>2147483647</string>
			<key>dstPath</key>
			<string>include</string>
			<key>dstSubfolderSpec</key>
			<string>16</string>
			<key>files</key>
			<array>
				<string>F6B5E24E184DD59700AE86B4</string>
				<string>F6607D8A184CD45C00393CD3</string>
				<string>F6607D89184CD3F700393CD3</string>
				<string>F60454A4182A23930027C174</string>
				<string>F6607D5A184C9F1900393CD3</string>
			</array>
			<key>isa</key>
			<string>PBXCopyFilesBuildPhase</string>
			<key>runOnlyForDeploymentPostprocessing</key>
			<string>0</string>
		</dict>
		<key>F604549A182A23930027C174</key>
		<dict>
			<key>buildConfigurationList</key>
			<string>F60454BE182A23930027C174</string>
			<key>buildPhases</key>
			<array>
				<string>1A7CAB85A0EE479F99B49D81</string>
				<string>F6045497182A23930027C174</string>
				<string>F6045498182A23930027C174</string>
				<string>F6045499182A23930027C174</string>
				<string>99D4B4312EC745B09032882F</string>
			</array>
			<key>buildRules</key>
			<array/>
			<key>dependencies</key>
			<array/>
			<key>isa</key>
			<string>PBXNativeTarget</string>
			<key>name</key>
			<string>CCMP</string>
			<key>productName</key>
			<string>CCMP</string>
			<key>productReference</key>
			<string>F604549B182A23930027C174</string>
			<key>productType</key>
			<string>com.apple.product-type.library.static</string>
		</dict>
		<key>F604549B182A23930027C174</key>
		<dict>
			<key>explicitFileType</key>
			<string>archive.ar</string>
			<key>includeInIndex</key>
			<string>0</string>
			<key>isa</key>
			<string>PBXFileReference</string>
			<key>path</key>
			<string>libCCMP.a</string>
			<key>sourceTree</key>
			<string>BUILT_PRODUCTS_DIR</string>
		</dict>
		<key>F604549C182A23930027C174</key>
		<dict>
			<key>children</key>
			<array>
				<string>F604549B182A23930027C174</string>
				<string>F60454AB182A23930027C174</string>
			</array>
			<key>isa</key>
			<string>PBXGroup</string>
			<key>name</key>
			<string>Products</string>
			<key>sourceTree</key>
			<string>&lt;group&gt;</string>
		</dict>
		<key>F604549D182A23930027C174</key>
		<dict>
			<key>children</key>
			<array>
				<string>F69B80D618448C8500C7210B</string>
				<string>F604549E182A23930027C174</string>
				<string>F60454AC182A23930027C174</string>
				<string>91CE9E8A392D419192642042</string>
			</array>
			<key>isa</key>
			<string>PBXGroup</string>
			<key>name</key>
			<string>Frameworks</string>
			<key>sourceTree</key>
			<string>&lt;group&gt;</string>
		</dict>
		<key>F604549E182A23930027C174</key>
		<dict>
			<key>isa</key>
			<string>PBXFileReference</string>
			<key>lastKnownFileType</key>
			<string>wrapper.framework</string>
			<key>name</key>
			<string>Foundation.framework</string>
			<key>path</key>
			<string>System/Library/Frameworks/Foundation.framework</string>
			<key>sourceTree</key>
			<string>SDKROOT</string>
		</dict>
		<key>F604549F182A23930027C174</key>
		<dict>
			<key>fileRef</key>
			<string>F604549E182A23930027C174</string>
			<key>isa</key>
			<string>PBXBuildFile</string>
		</dict>
		<key>F60454A0182A23930027C174</key>
		<dict>
			<key>children</key>
			<array>
				<string>F60454A3182A23930027C174</string>
				<string>F60454A5182A23930027C174</string>
				<string>F65A46BB182A743B00229A48</string>
				<string>F65A46BA182A743300229A48</string>
				<string>F60454A1182A23930027C174</string>
				<string>F6EF3314183119F300EF6D00</string>
			</array>
			<key>isa</key>
			<string>PBXGroup</string>
			<key>path</key>
			<string>CCMP</string>
			<key>sourceTree</key>
			<string>&lt;group&gt;</string>
		</dict>
		<key>F60454A1182A23930027C174</key>
		<dict>
			<key>children</key>
			<array>
				<string>F6EF331B1831236800EF6D00</string>
				<string>F6EF331C1831236800EF6D00</string>
				<string>F60454A2182A23930027C174</string>
				<string>F6607D65184CB29A00393CD3</string>
			</array>
			<key>isa</key>
			<string>PBXGroup</string>
			<key>name</key>
			<string>Supporting Files</string>
			<key>sourceTree</key>
			<string>&lt;group&gt;</string>
		</dict>
		<key>F60454A2182A23930027C174</key>
		<dict>
			<key>isa</key>
			<string>PBXFileReference</string>
			<key>lastKnownFileType</key>
			<string>sourcecode.c.h</string>
			<key>path</key>
			<string>CCMP-Prefix.pch</string>
			<key>sourceTree</key>
			<string>&lt;group&gt;</string>
		</dict>
		<key>F60454A3182A23930027C174</key>
		<dict>
			<key>isa</key>
			<string>PBXFileReference</string>
			<key>lastKnownFileType</key>
			<string>sourcecode.c.h</string>
			<key>path</key>
			<string>CCMP.h</string>
			<key>sourceTree</key>
			<string>&lt;group&gt;</string>
		</dict>
		<key>F60454A4182A23930027C174</key>
		<dict>
			<key>fileRef</key>
			<string>F60454A3182A23930027C174</string>
			<key>isa</key>
			<string>PBXBuildFile</string>
		</dict>
		<key>F60454A5182A23930027C174</key>
		<dict>
			<key>isa</key>
			<string>PBXFileReference</string>
			<key>lastKnownFileType</key>
			<string>sourcecode.c.objc</string>
			<key>path</key>
			<string>CCMP.m</string>
			<key>sourceTree</key>
			<string>&lt;group&gt;</string>
		</dict>
		<key>F60454A6182A23930027C174</key>
		<dict>
			<key>fileRef</key>
			<string>F60454A5182A23930027C174</string>
			<key>isa</key>
			<string>PBXBuildFile</string>
		</dict>
		<key>F60454A7182A23930027C174</key>
		<dict>
			<key>buildActionMask</key>
			<string>2147483647</string>
			<key>files</key>
			<array>
				<string>F64B3370191A5B47002E34A3</string>
				<string>F64B3374191A5BA4002E34A3</string>
				<string>F64B3382191A65BA002E34A3</string>
				<string>F64B336E191A5B2D002E34A3</string>
				<string>F64B3375191A5BA4002E34A3</string>
				<string>F64B337C191A5F5C002E34A3</string>
				<string>F64B3364191A5B20002E34A3</string>
				<string>F64B3363191A5B20002E34A3</string>
				<string>F64B3384191A6728002E34A3</string>
				<string>F64B3372191A5BA4002E34A3</string>
				<string>F64B3376191A5BA4002E34A3</string>
				<string>F6BA94A91920B04C00679411</string>
				<string>F64B3360191A5B20002E34A3</string>
				<string>F64B3367191A5B20002E34A3</string>
				<string>F64B3366191A5B20002E34A3</string>
				<string>F64B335E191A5B20002E34A3</string>
				<string>F64B335D191A5A3C002E34A3</string>
				<string>F64B335F191A5B20002E34A3</string>
				<string>F64B3368191A5B20002E34A3</string>
				<string>F64B3369191A5B20002E34A3</string>
				<string>F64B3377191A5BF4002E34A3</string>
				<string>F64B3371191A5B4A002E34A3</string>
				<string>F64B337F191A6150002E34A3</string>
				<string>F64B3365191A5B20002E34A3</string>
				<string>F64B3378191A5C87002E34A3</string>
				<string>F64B336A191A5B24002E34A3</string>
				<string>F64B3387191A6A03002E34A3</string>
				<string>F64B3381191A6516002E34A3</string>
				<string>F64B336B191A5B28002E34A3</string>
				<string>F64B3383191A661E002E34A3</string>
				<string>F64B336D191A5B2D002E34A3</string>
				<string>F64B336F191A5B33002E34A3</string>
				<string>F64B3362191A5B20002E34A3</string>
				<string>F64B336C191A5B2D002E34A3</string>
				<string>F64B3389191A6A52002E34A3</string>
				<string>F64B3361191A5B20002E34A3</string>
				<string>F64B3380191A6380002E34A3</string>
			</array>
			<key>isa</key>
			<string>PBXSourcesBuildPhase</string>
			<key>runOnlyForDeploymentPostprocessing</key>
			<string>0</string>
		</dict>
		<key>F60454A8182A23930027C174</key>
		<dict>
			<key>buildActionMask</key>
			<string>2147483647</string>
			<key>files</key>
			<array>
				<string>F60454AE182A23930027C174</string>
				<string>F60454AD182A23930027C174</string>
				<string>F64B335A191A5948002E34A3</string>
			</array>
			<key>isa</key>
			<string>PBXFrameworksBuildPhase</string>
			<key>runOnlyForDeploymentPostprocessing</key>
			<string>0</string>
		</dict>
		<key>F60454A9182A23930027C174</key>
		<dict>
			<key>buildActionMask</key>
			<string>2147483647</string>
			<key>files</key>
			<array>
				<string>F60454B9182A23930027C174</string>
			</array>
			<key>isa</key>
			<string>PBXResourcesBuildPhase</string>
			<key>runOnlyForDeploymentPostprocessing</key>
			<string>0</string>
		</dict>
		<key>F60454AA182A23930027C174</key>
		<dict>
			<key>buildConfigurationList</key>
			<string>F60454C1182A23930027C174</string>
			<key>buildPhases</key>
			<array>
				<string>E42B68538280482497D5ECB4</string>
				<string>F60454A7182A23930027C174</string>
				<string>F60454A8182A23930027C174</string>
				<string>F60454A9182A23930027C174</string>
				<string>FA3EF1EF68774ABA9FEC74BE</string>
			</array>
			<key>buildRules</key>
			<array/>
			<key>dependencies</key>
			<array>
				<string>F60454B2182A23930027C174</string>
			</array>
			<key>isa</key>
			<string>PBXNativeTarget</string>
			<key>name</key>
			<string>CCMP-Tests</string>
			<key>productName</key>
			<string>CCMPTests</string>
			<key>productReference</key>
			<string>F60454AB182A23930027C174</string>
			<key>productType</key>
			<string>com.apple.product-type.bundle.unit-test</string>
		</dict>
		<key>F60454AB182A23930027C174</key>
		<dict>
			<key>explicitFileType</key>
			<string>wrapper.cfbundle</string>
			<key>includeInIndex</key>
			<string>0</string>
			<key>isa</key>
			<string>PBXFileReference</string>
			<key>path</key>
			<string>CCMP-Tests.xctest</string>
			<key>sourceTree</key>
			<string>BUILT_PRODUCTS_DIR</string>
		</dict>
		<key>F60454AC182A23930027C174</key>
		<dict>
			<key>isa</key>
			<string>PBXFileReference</string>
			<key>lastKnownFileType</key>
			<string>wrapper.framework</string>
			<key>name</key>
			<string>XCTest.framework</string>
			<key>path</key>
			<string>Library/Frameworks/XCTest.framework</string>
			<key>sourceTree</key>
			<string>DEVELOPER_DIR</string>
		</dict>
		<key>F60454AD182A23930027C174</key>
		<dict>
			<key>fileRef</key>
			<string>F60454AC182A23930027C174</string>
			<key>isa</key>
			<string>PBXBuildFile</string>
		</dict>
		<key>F60454AE182A23930027C174</key>
		<dict>
			<key>fileRef</key>
			<string>F604549E182A23930027C174</string>
			<key>isa</key>
			<string>PBXBuildFile</string>
		</dict>
		<key>F60454B1182A23930027C174</key>
		<dict>
			<key>containerPortal</key>
			<string>F6045493182A23930027C174</string>
			<key>isa</key>
			<string>PBXContainerItemProxy</string>
			<key>proxyType</key>
			<string>1</string>
			<key>remoteGlobalIDString</key>
			<string>F604549A182A23930027C174</string>
			<key>remoteInfo</key>
			<string>CCMP</string>
		</dict>
		<key>F60454B2182A23930027C174</key>
		<dict>
			<key>isa</key>
			<string>PBXTargetDependency</string>
			<key>target</key>
			<string>F604549A182A23930027C174</string>
			<key>targetProxy</key>
			<string>F60454B1182A23930027C174</string>
		</dict>
		<key>F60454B4182A23930027C174</key>
		<dict>
			<key>children</key>
			<array>
				<string>F6C1E780182BA8BE00A371B6</string>
				<string>F69B80D8184497F200C7210B</string>
				<string>F60454B5182A23930027C174</string>
				<string>F6EF33201832111900EF6D00</string>
			</array>
			<key>isa</key>
			<string>PBXGroup</string>
			<key>name</key>
			<string>CCMP-Tests</string>
			<key>path</key>
			<string>CCMPTests</string>
			<key>sourceTree</key>
			<string>&lt;group&gt;</string>
		</dict>
		<key>F60454B5182A23930027C174</key>
		<dict>
			<key>children</key>
			<array>
				<string>F60454B6182A23930027C174</string>
				<string>F60454B7182A23930027C174</string>
				<string>F64B337D191A5FDC002E34A3</string>
			</array>
			<key>isa</key>
			<string>PBXGroup</string>
			<key>name</key>
			<string>Supporting Files</string>
			<key>sourceTree</key>
			<string>&lt;group&gt;</string>
		</dict>
		<key>F60454B6182A23930027C174</key>
		<dict>
			<key>isa</key>
			<string>PBXFileReference</string>
			<key>lastKnownFileType</key>
			<string>text.plist.xml</string>
			<key>path</key>
			<string>CCMPTests-Info.plist</string>
			<key>sourceTree</key>
			<string>&lt;group&gt;</string>
		</dict>
		<key>F60454B7182A23930027C174</key>
		<dict>
			<key>children</key>
			<array>
				<string>F60454B8182A23930027C174</string>
			</array>
			<key>isa</key>
			<string>PBXVariantGroup</string>
			<key>name</key>
			<string>InfoPlist.strings</string>
			<key>sourceTree</key>
			<string>&lt;group&gt;</string>
		</dict>
		<key>F60454B8182A23930027C174</key>
		<dict>
			<key>isa</key>
			<string>PBXFileReference</string>
			<key>lastKnownFileType</key>
			<string>text.plist.strings</string>
			<key>name</key>
			<string>en</string>
			<key>path</key>
			<string>en.lproj/InfoPlist.strings</string>
			<key>sourceTree</key>
			<string>&lt;group&gt;</string>
		</dict>
		<key>F60454B9182A23930027C174</key>
		<dict>
			<key>fileRef</key>
			<string>F60454B7182A23930027C174</string>
			<key>isa</key>
			<string>PBXBuildFile</string>
		</dict>
		<key>F60454BA182A23930027C174</key>
		<dict>
			<key>isa</key>
			<string>PBXFileReference</string>
			<key>lastKnownFileType</key>
			<string>sourcecode.c.objc</string>
			<key>path</key>
			<string>CCMPApiTests.m</string>
			<key>sourceTree</key>
			<string>&lt;group&gt;</string>
		</dict>
		<key>F60454BC182A23930027C174</key>
		<dict>
			<key>buildSettings</key>
			<dict>
				<key>ALWAYS_SEARCH_USER_PATHS</key>
				<string>NO</string>
				<key>CLANG_CXX_LANGUAGE_STANDARD</key>
				<string>gnu++0x</string>
				<key>CLANG_CXX_LIBRARY</key>
				<string>libc++</string>
				<key>CLANG_ENABLE_MODULES</key>
				<string>YES</string>
				<key>CLANG_ENABLE_OBJC_ARC</key>
				<string>YES</string>
				<key>CLANG_WARN_BOOL_CONVERSION</key>
				<string>YES</string>
				<key>CLANG_WARN_CONSTANT_CONVERSION</key>
				<string>YES</string>
				<key>CLANG_WARN_DIRECT_OBJC_ISA_USAGE</key>
				<string>YES_ERROR</string>
				<key>CLANG_WARN_EMPTY_BODY</key>
				<string>YES</string>
				<key>CLANG_WARN_ENUM_CONVERSION</key>
				<string>YES</string>
				<key>CLANG_WARN_INT_CONVERSION</key>
				<string>YES</string>
				<key>CLANG_WARN_OBJC_ROOT_CLASS</key>
				<string>YES_ERROR</string>
				<key>CLANG_WARN__DUPLICATE_METHOD_MATCH</key>
				<string>YES</string>
				<key>COPY_PHASE_STRIP</key>
				<string>NO</string>
				<key>GCC_C_LANGUAGE_STANDARD</key>
				<string>gnu99</string>
				<key>GCC_DYNAMIC_NO_PIC</key>
				<string>NO</string>
				<key>GCC_OPTIMIZATION_LEVEL</key>
				<string>0</string>
				<key>GCC_PREPROCESSOR_DEFINITIONS</key>
				<array>
					<string>DEBUG=1</string>
					<string>$(inherited)</string>
				</array>
				<key>GCC_SYMBOLS_PRIVATE_EXTERN</key>
				<string>NO</string>
				<key>GCC_WARN_64_TO_32_BIT_CONVERSION</key>
				<string>YES</string>
				<key>GCC_WARN_ABOUT_RETURN_TYPE</key>
				<string>YES_ERROR</string>
				<key>GCC_WARN_UNDECLARED_SELECTOR</key>
				<string>YES</string>
				<key>GCC_WARN_UNINITIALIZED_AUTOS</key>
				<string>YES</string>
				<key>GCC_WARN_UNUSED_FUNCTION</key>
				<string>YES</string>
				<key>GCC_WARN_UNUSED_VARIABLE</key>
				<string>YES</string>
				<key>IPHONEOS_DEPLOYMENT_TARGET</key>
				<string>6.0</string>
				<key>ONLY_ACTIVE_ARCH</key>
				<string>YES</string>
				<key>SDKROOT</key>
				<string>iphoneos</string>
				<key>VALID_ARCHS</key>
				<string>arm64 armv7 armv7s i386</string>
			</dict>
			<key>isa</key>
			<string>XCBuildConfiguration</string>
			<key>name</key>
			<string>Debug</string>
		</dict>
		<key>F60454BD182A23930027C174</key>
		<dict>
			<key>buildSettings</key>
			<dict>
				<key>ALWAYS_SEARCH_USER_PATHS</key>
				<string>NO</string>
				<key>CLANG_CXX_LANGUAGE_STANDARD</key>
				<string>gnu++0x</string>
				<key>CLANG_CXX_LIBRARY</key>
				<string>libc++</string>
				<key>CLANG_ENABLE_MODULES</key>
				<string>YES</string>
				<key>CLANG_ENABLE_OBJC_ARC</key>
				<string>YES</string>
				<key>CLANG_WARN_BOOL_CONVERSION</key>
				<string>YES</string>
				<key>CLANG_WARN_CONSTANT_CONVERSION</key>
				<string>YES</string>
				<key>CLANG_WARN_DIRECT_OBJC_ISA_USAGE</key>
				<string>YES_ERROR</string>
				<key>CLANG_WARN_EMPTY_BODY</key>
				<string>YES</string>
				<key>CLANG_WARN_ENUM_CONVERSION</key>
				<string>YES</string>
				<key>CLANG_WARN_INT_CONVERSION</key>
				<string>YES</string>
				<key>CLANG_WARN_OBJC_ROOT_CLASS</key>
				<string>YES_ERROR</string>
				<key>CLANG_WARN__DUPLICATE_METHOD_MATCH</key>
				<string>YES</string>
				<key>COPY_PHASE_STRIP</key>
				<string>YES</string>
				<key>ENABLE_NS_ASSERTIONS</key>
				<string>NO</string>
				<key>GCC_C_LANGUAGE_STANDARD</key>
				<string>gnu99</string>
				<key>GCC_WARN_64_TO_32_BIT_CONVERSION</key>
				<string>YES</string>
				<key>GCC_WARN_ABOUT_RETURN_TYPE</key>
				<string>YES_ERROR</string>
				<key>GCC_WARN_UNDECLARED_SELECTOR</key>
				<string>YES</string>
				<key>GCC_WARN_UNINITIALIZED_AUTOS</key>
				<string>YES</string>
				<key>GCC_WARN_UNUSED_FUNCTION</key>
				<string>YES</string>
				<key>GCC_WARN_UNUSED_VARIABLE</key>
				<string>YES</string>
				<key>IPHONEOS_DEPLOYMENT_TARGET</key>
				<string>6.0</string>
				<key>SDKROOT</key>
				<string>iphoneos</string>
				<key>VALIDATE_PRODUCT</key>
				<string>YES</string>
				<key>VALID_ARCHS</key>
				<string>arm64 armv7 armv7s i386</string>
			</dict>
			<key>isa</key>
			<string>XCBuildConfiguration</string>
			<key>name</key>
			<string>Release</string>
		</dict>
		<key>F60454BE182A23930027C174</key>
		<dict>
			<key>buildConfigurations</key>
			<array>
				<string>F60454BF182A23930027C174</string>
				<string>F60454C0182A23930027C174</string>
			</array>
			<key>defaultConfigurationIsVisible</key>
			<string>0</string>
			<key>defaultConfigurationName</key>
			<string>Release</string>
			<key>isa</key>
			<string>XCConfigurationList</string>
		</dict>
		<key>F60454BF182A23930027C174</key>
		<dict>
			<key>baseConfigurationReference</key>
			<string>8267202F80A49ECB54FAE8C5</string>
			<key>buildSettings</key>
			<dict>
				<key>ALWAYS_SEARCH_USER_PATHS</key>
				<string>YES</string>
				<key>CONFIGURATION_BUILD_DIR</key>
				<string>$(BUILD_DIR)/$(CONFIGURATION)$(EFFECTIVE_PLATFORM_NAME)</string>
				<key>DSTROOT</key>
				<string>/tmp/CCMP.dst</string>
				<key>GCC_PRECOMPILE_PREFIX_HEADER</key>
				<string>YES</string>
				<key>GCC_PREFIX_HEADER</key>
				<string>CCMP/CCMP-Prefix.pch</string>
				<key>OTHER_LDFLAGS</key>
				<string>$(inherited)</string>
				<key>PRODUCT_NAME</key>
				<string>$(TARGET_NAME)</string>
				<key>SKIP_INSTALL</key>
				<string>YES</string>
			</dict>
			<key>isa</key>
			<string>XCBuildConfiguration</string>
			<key>name</key>
			<string>Debug</string>
		</dict>
		<key>F60454C0182A23930027C174</key>
		<dict>
			<key>baseConfigurationReference</key>
			<string>AD96F22611D6B56EB369DEC8</string>
			<key>buildSettings</key>
			<dict>
				<key>ALWAYS_SEARCH_USER_PATHS</key>
				<string>YES</string>
				<key>CONFIGURATION_BUILD_DIR</key>
				<string>$(BUILD_DIR)/$(CONFIGURATION)$(EFFECTIVE_PLATFORM_NAME)</string>
				<key>DSTROOT</key>
				<string>/tmp/CCMP.dst</string>
				<key>GCC_PRECOMPILE_PREFIX_HEADER</key>
				<string>YES</string>
				<key>GCC_PREFIX_HEADER</key>
				<string>CCMP/CCMP-Prefix.pch</string>
				<key>OTHER_LDFLAGS</key>
				<string>$(inherited)</string>
				<key>PRODUCT_NAME</key>
				<string>$(TARGET_NAME)</string>
				<key>SKIP_INSTALL</key>
				<string>YES</string>
			</dict>
			<key>isa</key>
			<string>XCBuildConfiguration</string>
			<key>name</key>
			<string>Release</string>
		</dict>
		<key>F60454C1182A23930027C174</key>
		<dict>
			<key>buildConfigurations</key>
			<array>
				<string>F60454C2182A23930027C174</string>
				<string>F60454C3182A23930027C174</string>
			</array>
			<key>defaultConfigurationIsVisible</key>
			<string>0</string>
			<key>defaultConfigurationName</key>
			<string>Release</string>
			<key>isa</key>
			<string>XCConfigurationList</string>
		</dict>
		<key>F60454C2182A23930027C174</key>
		<dict>
			<key>baseConfigurationReference</key>
			<string>8267202F80A49ECB54FAE8C5</string>
			<key>buildSettings</key>
			<dict>
				<key>ALWAYS_SEARCH_USER_PATHS</key>
				<string>YES</string>
				<key>FRAMEWORK_SEARCH_PATHS</key>
				<array>
					<string>$(SDKROOT)/Developer/Library/Frameworks</string>
					<string>$(inherited)</string>
					<string>$(DEVELOPER_FRAMEWORKS_DIR)</string>
				</array>
				<key>GCC_PRECOMPILE_PREFIX_HEADER</key>
				<string>YES</string>
				<key>GCC_PREFIX_HEADER</key>
				<string>CCMP/CCMP-Prefix.pch</string>
				<key>GCC_PREPROCESSOR_DEFINITIONS</key>
				<array>
					<string>DEBUG=1</string>
					<string>$(inherited)</string>
					<string>UNITTEST=1</string>
				</array>
				<key>INFOPLIST_FILE</key>
				<string>CCMPTests/CCMPTests-Info.plist</string>
				<key>OTHER_LDFLAGS</key>
				<array>
					<string>$(inherited)</string>
					<string>-framework</string>
					<string>XCTest</string>
				</array>
				<key>PRODUCT_NAME</key>
				<string>$(TARGET_NAME)</string>
				<key>WRAPPER_EXTENSION</key>
				<string>xctest</string>
			</dict>
			<key>isa</key>
			<string>XCBuildConfiguration</string>
			<key>name</key>
			<string>Debug</string>
		</dict>
		<key>F60454C3182A23930027C174</key>
		<dict>
			<key>baseConfigurationReference</key>
			<string>AD96F22611D6B56EB369DEC8</string>
			<key>buildSettings</key>
			<dict>
				<key>ALWAYS_SEARCH_USER_PATHS</key>
				<string>YES</string>
				<key>FRAMEWORK_SEARCH_PATHS</key>
				<array>
					<string>$(SDKROOT)/Developer/Library/Frameworks</string>
					<string>$(inherited)</string>
					<string>$(DEVELOPER_FRAMEWORKS_DIR)</string>
				</array>
				<key>GCC_PRECOMPILE_PREFIX_HEADER</key>
				<string>YES</string>
				<key>GCC_PREFIX_HEADER</key>
				<string>CCMP/CCMP-Prefix.pch</string>
				<key>INFOPLIST_FILE</key>
				<string>CCMPTests/CCMPTests-Info.plist</string>
				<key>OTHER_LDFLAGS</key>
				<array>
					<string>$(inherited)</string>
					<string>-framework</string>
					<string>XCTest</string>
				</array>
				<key>PRODUCT_NAME</key>
				<string>$(TARGET_NAME)</string>
				<key>WRAPPER_EXTENSION</key>
				<string>xctest</string>
			</dict>
			<key>isa</key>
			<string>XCBuildConfiguration</string>
			<key>name</key>
			<string>Release</string>
		</dict>
		<key>F610020A1864268700A7D332</key>
		<dict>
			<key>fileEncoding</key>
			<string>4</string>
			<key>isa</key>
			<string>PBXFileReference</string>
			<key>lastKnownFileType</key>
			<string>sourcecode.c.h</string>
			<key>path</key>
			<string>CCMPAPIAttachmentGet.h</string>
			<key>sourceTree</key>
			<string>&lt;group&gt;</string>
		</dict>
		<key>F610020B1864268700A7D332</key>
		<dict>
			<key>fileEncoding</key>
			<string>4</string>
			<key>isa</key>
			<string>PBXFileReference</string>
			<key>lastKnownFileType</key>
			<string>sourcecode.c.objc</string>
			<key>path</key>
			<string>CCMPAPIAttachmentGet.m</string>
			<key>sourceTree</key>
			<string>&lt;group&gt;</string>
		</dict>
		<key>F610020C1864268700A7D332</key>
		<dict>
			<key>fileRef</key>
			<string>F610020B1864268700A7D332</string>
			<key>isa</key>
			<string>PBXBuildFile</string>
		</dict>
		<key>F610020E1864277000A7D332</key>
		<dict>
			<key>fileEncoding</key>
			<string>4</string>
			<key>isa</key>
			<string>PBXFileReference</string>
			<key>lastKnownFileType</key>
			<string>sourcecode.c.h</string>
			<key>path</key>
			<string>CCMPAPIAttachmentUpload.h</string>
			<key>sourceTree</key>
			<string>&lt;group&gt;</string>
		</dict>
		<key>F610020F1864277000A7D332</key>
		<dict>
			<key>fileEncoding</key>
			<string>4</string>
			<key>isa</key>
			<string>PBXFileReference</string>
			<key>lastKnownFileType</key>
			<string>sourcecode.c.objc</string>
			<key>path</key>
			<string>CCMPAPIAttachmentUpload.m</string>
			<key>sourceTree</key>
			<string>&lt;group&gt;</string>
		</dict>
		<key>F61002101864277000A7D332</key>
		<dict>
			<key>fileRef</key>
			<string>F610020F1864277000A7D332</string>
			<key>isa</key>
			<string>PBXBuildFile</string>
		</dict>
		<key>F610021A1864454300A7D332</key>
		<dict>
			<key>fileEncoding</key>
			<string>4</string>
			<key>isa</key>
			<string>PBXFileReference</string>
			<key>lastKnownFileType</key>
			<string>sourcecode.c.h</string>
			<key>path</key>
			<string>NSData+CCMP.h</string>
			<key>sourceTree</key>
			<string>&lt;group&gt;</string>
		</dict>
		<key>F610021B1864454300A7D332</key>
		<dict>
			<key>fileEncoding</key>
			<string>4</string>
			<key>isa</key>
			<string>PBXFileReference</string>
			<key>lastKnownFileType</key>
			<string>sourcecode.c.objc</string>
			<key>path</key>
			<string>NSData+CCMP.m</string>
			<key>sourceTree</key>
			<string>&lt;group&gt;</string>
		</dict>
		<key>F610021C1864454300A7D332</key>
		<dict>
			<key>fileRef</key>
			<string>F610021B1864454300A7D332</string>
			<key>isa</key>
			<string>PBXBuildFile</string>
		</dict>
		<key>F612E74418D09CC3004FE0C5</key>
		<dict>
			<key>isa</key>
			<string>PBXFileReference</string>
			<key>lastKnownFileType</key>
			<string>wrapper.xcdatamodel</string>
			<key>path</key>
			<string>CCMPDatabaseModel 4.xcdatamodel</string>
			<key>sourceTree</key>
			<string>&lt;group&gt;</string>
		</dict>
		<key>F612E74518D0A155004FE0C5</key>
		<dict>
			<key>fileEncoding</key>
			<string>4</string>
			<key>isa</key>
			<string>PBXFileReference</string>
			<key>lastKnownFileType</key>
			<string>sourcecode.c.h</string>
			<key>path</key>
			<string>CCMPAttachmentMO.h</string>
			<key>sourceTree</key>
			<string>&lt;group&gt;</string>
		</dict>
		<key>F612E74618D0A155004FE0C5</key>
		<dict>
			<key>fileEncoding</key>
			<string>4</string>
			<key>isa</key>
			<string>PBXFileReference</string>
			<key>lastKnownFileType</key>
			<string>sourcecode.c.objc</string>
			<key>path</key>
			<string>CCMPAttachmentMO.m</string>
			<key>sourceTree</key>
			<string>&lt;group&gt;</string>
		</dict>
		<key>F612E74718D0A155004FE0C5</key>
		<dict>
			<key>fileRef</key>
			<string>F612E74618D0A155004FE0C5</string>
			<key>isa</key>
			<string>PBXBuildFile</string>
		</dict>
		<key>F612E74A18D0A220004FE0C5</key>
		<dict>
			<key>fileEncoding</key>
			<string>4</string>
			<key>isa</key>
			<string>PBXFileReference</string>
			<key>lastKnownFileType</key>
			<string>sourcecode.c.h</string>
			<key>path</key>
			<string>CCMPAccountMO.h</string>
			<key>sourceTree</key>
			<string>&lt;group&gt;</string>
		</dict>
		<key>F612E74B18D0A220004FE0C5</key>
		<dict>
			<key>fileEncoding</key>
			<string>4</string>
			<key>isa</key>
			<string>PBXFileReference</string>
			<key>lastKnownFileType</key>
			<string>sourcecode.c.objc</string>
			<key>path</key>
			<string>CCMPAccountMO.m</string>
			<key>sourceTree</key>
			<string>&lt;group&gt;</string>
		</dict>
		<key>F612E74C18D0A220004FE0C5</key>
		<dict>
			<key>fileRef</key>
			<string>F612E74B18D0A220004FE0C5</string>
			<key>isa</key>
			<string>PBXBuildFile</string>
		</dict>
		<key>F6227C541836383F001F32E8</key>
		<dict>
			<key>buildConfigurationList</key>
			<string>F6227C551836383F001F32E8</string>
			<key>buildPhases</key>
			<array>
				<string>F6227C581836384F001F32E8</string>
			</array>
			<key>dependencies</key>
			<array/>
			<key>isa</key>
			<string>PBXAggregateTarget</string>
			<key>name</key>
			<string>Doku</string>
			<key>productName</key>
			<string>Doku</string>
		</dict>
		<key>F6227C551836383F001F32E8</key>
		<dict>
			<key>buildConfigurations</key>
			<array>
				<string>F6227C561836383F001F32E8</string>
				<string>F6227C571836383F001F32E8</string>
			</array>
			<key>defaultConfigurationIsVisible</key>
			<string>0</string>
			<key>defaultConfigurationName</key>
			<string>Release</string>
			<key>isa</key>
			<string>XCConfigurationList</string>
		</dict>
		<key>F6227C561836383F001F32E8</key>
		<dict>
			<key>buildSettings</key>
			<dict>
				<key>PRODUCT_NAME</key>
				<string>$(TARGET_NAME)</string>
			</dict>
			<key>isa</key>
			<string>XCBuildConfiguration</string>
			<key>name</key>
			<string>Debug</string>
		</dict>
		<key>F6227C571836383F001F32E8</key>
		<dict>
			<key>buildSettings</key>
			<dict>
				<key>PRODUCT_NAME</key>
				<string>$(TARGET_NAME)</string>
			</dict>
			<key>isa</key>
			<string>XCBuildConfiguration</string>
			<key>name</key>
			<string>Release</string>
		</dict>
		<key>F6227C581836384F001F32E8</key>
		<dict>
			<key>buildActionMask</key>
			<string>2147483647</string>
			<key>files</key>
			<array/>
			<key>inputPaths</key>
			<array/>
			<key>isa</key>
			<string>PBXShellScriptBuildPhase</string>
			<key>outputPaths</key>
			<array/>
			<key>runOnlyForDeploymentPostprocessing</key>
			<string>0</string>
			<key>shellPath</key>
			<string>/bin/sh</string>
			<key>shellScript</key>
			<string># Start constants
company="Up To Eleven";
companyID="net.ut11";
companyURL="http://www.ut11.net";
target="iphoneos";
outputPath="~/Sites/xcode_workspace/help/${PROJECT_NAME}";
# End constants

/usr/local/bin/appledoc \
--exit-threshold 2 \
--project-name "${PROJECT_NAME}" \
--project-company "${company}" \
--company-id "${companyID}" \
--docset-atom-filename "${company}.atom" \
--docset-feed-url "${companyURL}/docs/%DOCSETATOMFILENAME" \
--docset-package-url "${companyURL}/docs/%DOCSETPACKAGEFILENAME" \
--docset-fallback-url "${companyURL}/docs" \
--docset-platform-family "${target}" \
--include "${PROJECT_DIR}/Pods/Headers/LocalLibrary-lib" \
--index-desc "${PROJECT_DIR}/Documentation/appledoc/Top_level.markdown" \
--keep-intermediate-files \
--logformat xcode \
--merge-categories \
--no-repeat-first-par \
--no-warn-invalid-crossref \
--no-warn-undocumented-object \
--no-warn-undocumented-member \
--no-warn-empty-description \
--output "${outputPath}" \
--install-docset \
--print-information-block-titles \
--use-code-order \
--verbose 4 \
--ignore "*.m" \
--ignore "*.pch" \
--ignore "*.config" \
--ignore "*.xcconfig" \
--ignore "*.docset" \
--ignore "*.xcodeproj" \
--ignore "*.xcworkspace" \
--ignore "*.lock" \
--ignore "*.plist" \
--ignore "*.strings" \
--ignore "*.txt" \
--ignore "*.app" \
--ignore "*.podspec" \
--ignore "*.jnlp" \
--ignore "*.jar" \
--ignore "*.png" \
--ignore "*.jpg" \
--ignore "*.html" \
--ignore "*.xml" \
--ignore "*.sh" \
--ignore "*.gitignore" \
--ignore "Pods" \
"${PROJECT_DIR}"</string>
		</dict>
		<key>F64B335A191A5948002E34A3</key>
		<dict>
			<key>fileRef</key>
			<string>91CE9E8A392D419192642042</string>
			<key>isa</key>
			<string>PBXBuildFile</string>
		</dict>
		<key>F64B335D191A5A3C002E34A3</key>
		<dict>
			<key>fileRef</key>
			<string>F65A46C1182A814900229A48</string>
			<key>isa</key>
			<string>PBXBuildFile</string>
		</dict>
		<key>F64B335E191A5B20002E34A3</key>
		<dict>
			<key>fileRef</key>
			<string>F6C1E788182BBB7D00A371B6</string>
			<key>isa</key>
			<string>PBXBuildFile</string>
		</dict>
		<key>F64B335F191A5B20002E34A3</key>
		<dict>
			<key>fileRef</key>
			<string>F65A46C4182A8CFE00229A48</string>
			<key>isa</key>
			<string>PBXBuildFile</string>
		</dict>
		<key>F64B3360191A5B20002E34A3</key>
		<dict>
			<key>fileRef</key>
			<string>F6C1E77E182BA82300A371B6</string>
			<key>isa</key>
			<string>PBXBuildFile</string>
		</dict>
		<key>F64B3361191A5B20002E34A3</key>
		<dict>
			<key>fileRef</key>
			<string>F6C1E783182BB86D00A371B6</string>
			<key>isa</key>
			<string>PBXBuildFile</string>
		</dict>
		<key>F64B3362191A5B20002E34A3</key>
		<dict>
			<key>fileRef</key>
			<string>F6C1E792182CF05800A371B6</string>
			<key>isa</key>
			<string>PBXBuildFile</string>
		</dict>
		<key>F64B3363191A5B20002E34A3</key>
		<dict>
			<key>fileRef</key>
			<string>F69B80C018437A4500C7210B</string>
			<key>isa</key>
			<string>PBXBuildFile</string>
		</dict>
		<key>F64B3364191A5B20002E34A3</key>
		<dict>
			<key>fileRef</key>
			<string>F69B80C5184391B800C7210B</string>
			<key>isa</key>
			<string>PBXBuildFile</string>
		</dict>
		<key>F64B3365191A5B20002E34A3</key>
		<dict>
			<key>fileRef</key>
			<string>F69B80CA18439D1700C7210B</string>
			<key>isa</key>
			<string>PBXBuildFile</string>
		</dict>
		<key>F64B3366191A5B20002E34A3</key>
		<dict>
			<key>fileRef</key>
			<string>F610020B1864268700A7D332</string>
			<key>isa</key>
			<string>PBXBuildFile</string>
		</dict>
		<key>F64B3367191A5B20002E34A3</key>
		<dict>
			<key>fileRef</key>
			<string>F610020F1864277000A7D332</string>
			<key>isa</key>
			<string>PBXBuildFile</string>
		</dict>
		<key>F64B3368191A5B20002E34A3</key>
		<dict>
			<key>fileRef</key>
			<string>F6E118C018D8730A004204BF</string>
			<key>isa</key>
			<string>PBXBuildFile</string>
		</dict>
		<key>F64B3369191A5B20002E34A3</key>
		<dict>
			<key>fileRef</key>
			<string>F6E1191218DC358E004204BF</string>
			<key>isa</key>
			<string>PBXBuildFile</string>
		</dict>
		<key>F64B336A191A5B24002E34A3</key>
		<dict>
			<key>fileRef</key>
			<string>F6FFC7B41834F35B00A78E94</string>
			<key>isa</key>
			<string>PBXBuildFile</string>
		</dict>
		<key>F64B336B191A5B28002E34A3</key>
		<dict>
			<key>fileRef</key>
			<string>F69B80D31844845800C7210B</string>
			<key>isa</key>
			<string>PBXBuildFile</string>
		</dict>
		<key>F64B336C191A5B2D002E34A3</key>
		<dict>
			<key>fileRef</key>
			<string>F68730481844D172000C6F06</string>
			<key>isa</key>
			<string>PBXBuildFile</string>
		</dict>
		<key>F64B336D191A5B2D002E34A3</key>
		<dict>
			<key>fileRef</key>
			<string>F612E74618D0A155004FE0C5</string>
			<key>isa</key>
			<string>PBXBuildFile</string>
		</dict>
		<key>F64B336E191A5B2D002E34A3</key>
		<dict>
			<key>fileRef</key>
			<string>F612E74B18D0A220004FE0C5</string>
			<key>isa</key>
			<string>PBXBuildFile</string>
		</dict>
		<key>F64B336F191A5B33002E34A3</key>
		<dict>
			<key>fileRef</key>
			<string>F6EF331C1831236800EF6D00</string>
			<key>isa</key>
			<string>PBXBuildFile</string>
		</dict>
		<key>F64B3370191A5B47002E34A3</key>
		<dict>
			<key>fileRef</key>
			<string>F60454A5182A23930027C174</string>
			<key>isa</key>
			<string>PBXBuildFile</string>
		</dict>
		<key>F64B3371191A5B4A002E34A3</key>
		<dict>
			<key>fileRef</key>
			<string>F65A46BD182A745B00229A48</string>
			<key>isa</key>
			<string>PBXBuildFile</string>
		</dict>
		<key>F64B3372191A5BA4002E34A3</key>
		<dict>
			<key>fileRef</key>
			<string>F6607D87184CD00900393CD3</string>
			<key>isa</key>
			<string>PBXBuildFile</string>
		</dict>
		<key>F64B3374191A5BA4002E34A3</key>
		<dict>
			<key>fileRef</key>
			<string>F610021B1864454300A7D332</string>
			<key>isa</key>
			<string>PBXBuildFile</string>
		</dict>
		<key>F64B3375191A5BA4002E34A3</key>
		<dict>
			<key>fileRef</key>
			<string>F68DADE71846089400414A30</string>
			<key>isa</key>
			<string>PBXBuildFile</string>
		</dict>
		<key>F64B3376191A5BA4002E34A3</key>
		<dict>
			<key>fileRef</key>
			<string>F6EF331618311A1400EF6D00</string>
			<key>isa</key>
			<string>PBXBuildFile</string>
		</dict>
		<key>F64B3377191A5BF4002E34A3</key>
		<dict>
			<key>fileRef</key>
			<string>F6C1E78A182BED9500A371B6</string>
			<key>isa</key>
			<string>PBXBuildFile</string>
		</dict>
		<key>F64B3378191A5C87002E34A3</key>
		<dict>
			<key>fileRef</key>
			<string>F6C1E78C182BEE9B00A371B6</string>
			<key>isa</key>
			<string>PBXBuildFile</string>
		</dict>
		<key>F64B337C191A5F5C002E34A3</key>
		<dict>
			<key>fileRef</key>
			<string>F69B80CC18439DE700C7210B</string>
			<key>isa</key>
			<string>PBXBuildFile</string>
		</dict>
		<key>F64B337D191A5FDC002E34A3</key>
		<dict>
			<key>fileEncoding</key>
			<string>4</string>
			<key>isa</key>
			<string>PBXFileReference</string>
			<key>lastKnownFileType</key>
			<string>sourcecode.c.h</string>
			<key>path</key>
			<string>CCMPTestConfig.h</string>
			<key>sourceTree</key>
			<string>&lt;group&gt;</string>
		</dict>
		<key>F64B337F191A6150002E34A3</key>
		<dict>
			<key>fileRef</key>
			<string>F6C1E779182B97BD00A371B6</string>
			<key>isa</key>
			<string>PBXBuildFile</string>
		</dict>
		<key>F64B3380191A6380002E34A3</key>
		<dict>
			<key>fileRef</key>
			<string>F6C1E77B182BA76100A371B6</string>
			<key>isa</key>
			<string>PBXBuildFile</string>
		</dict>
		<key>F64B3381191A6516002E34A3</key>
		<dict>
			<key>fileRef</key>
			<string>F6C1E785182BB89100A371B6</string>
			<key>isa</key>
			<string>PBXBuildFile</string>
		</dict>
		<key>F64B3382191A65BA002E34A3</key>
		<dict>
			<key>fileRef</key>
			<string>F6C1E794182CF9A600A371B6</string>
			<key>isa</key>
			<string>PBXBuildFile</string>
		</dict>
		<key>F64B3383191A661E002E34A3</key>
		<dict>
			<key>fileRef</key>
			<string>F69B80C2184389A500C7210B</string>
			<key>isa</key>
			<string>PBXBuildFile</string>
		</dict>
		<key>F64B3384191A6728002E34A3</key>
		<dict>
			<key>fileRef</key>
			<string>F69B80C71843934C00C7210B</string>
			<key>isa</key>
			<string>PBXBuildFile</string>
		</dict>
		<key>F64B3387191A6A03002E34A3</key>
		<dict>
			<key>fileRef</key>
			<string>F6EF33261832114600EF6D00</string>
			<key>isa</key>
			<string>PBXBuildFile</string>
		</dict>
		<key>F64B3388191A6A52002E34A3</key>
		<dict>
			<key>fileEncoding</key>
			<string>4</string>
			<key>isa</key>
			<string>PBXFileReference</string>
			<key>lastKnownFileType</key>
			<string>sourcecode.c.objc</string>
			<key>path</key>
			<string>CCMPUtilsTests.m</string>
			<key>sourceTree</key>
			<string>&lt;group&gt;</string>
		</dict>
		<key>F64B3389191A6A52002E34A3</key>
		<dict>
			<key>fileRef</key>
			<string>F64B3388191A6A52002E34A3</string>
			<key>isa</key>
			<string>PBXBuildFile</string>
		</dict>
		<key>F65A46BA182A743300229A48</key>
		<dict>
			<key>children</key>
			<array>
				<string>F6FFC7B31834F35B00A78E94</string>
				<string>F6FFC7B41834F35B00A78E94</string>
				<string>F69B80D31844845800C7210B</string>
				<string>F69B80CF1844810A00C7210B</string>
			</array>
			<key>isa</key>
			<string>PBXGroup</string>
			<key>name</key>
			<string>Database</string>
			<key>sourceTree</key>
			<string>&lt;group&gt;</string>
		</dict>
		<key>F65A46BB182A743B00229A48</key>
		<dict>
			<key>children</key>
			<array>
				<string>F65A46BC182A745B00229A48</string>
				<string>F65A46BD182A745B00229A48</string>
				<string>F65A46BF182A813100229A48</string>
			</array>
			<key>isa</key>
			<string>PBXGroup</string>
			<key>name</key>
			<string>API</string>
			<key>sourceTree</key>
			<string>&lt;group&gt;</string>
		</dict>
		<key>F65A46BC182A745B00229A48</key>
		<dict>
			<key>fileEncoding</key>
			<string>4</string>
			<key>isa</key>
			<string>PBXFileReference</string>
			<key>lastKnownFileType</key>
			<string>sourcecode.c.h</string>
			<key>path</key>
			<string>CCMPApi.h</string>
			<key>sourceTree</key>
			<string>&lt;group&gt;</string>
		</dict>
		<key>F65A46BD182A745B00229A48</key>
		<dict>
			<key>fileEncoding</key>
			<string>4</string>
			<key>isa</key>
			<string>PBXFileReference</string>
			<key>lastKnownFileType</key>
			<string>sourcecode.c.objc</string>
			<key>path</key>
			<string>CCMPApi.m</string>
			<key>sourceTree</key>
			<string>&lt;group&gt;</string>
		</dict>
		<key>F65A46BE182A745B00229A48</key>
		<dict>
			<key>fileRef</key>
			<string>F65A46BD182A745B00229A48</string>
			<key>isa</key>
			<string>PBXBuildFile</string>
		</dict>
		<key>F65A46BF182A813100229A48</key>
		<dict>
			<key>children</key>
			<array>
				<string>F65A46C0182A814900229A48</string>
				<string>F65A46C1182A814900229A48</string>
				<string>F6C1E787182BBB7D00A371B6</string>
				<string>F6C1E788182BBB7D00A371B6</string>
				<string>F65A46C3182A8CFE00229A48</string>
				<string>F65A46C4182A8CFE00229A48</string>
				<string>F6C1E77D182BA82300A371B6</string>
				<string>F6C1E77E182BA82300A371B6</string>
				<string>F6C1E782182BB86D00A371B6</string>
				<string>F6C1E783182BB86D00A371B6</string>
				<string>F6C1E791182CF05800A371B6</string>
				<string>F6C1E792182CF05800A371B6</string>
				<string>F69B80BF18437A4500C7210B</string>
				<string>F69B80C018437A4500C7210B</string>
				<string>F69B80C4184391B800C7210B</string>
				<string>F69B80C5184391B800C7210B</string>
				<string>F69B80C918439D1700C7210B</string>
				<string>F69B80CA18439D1700C7210B</string>
				<string>F610020A1864268700A7D332</string>
				<string>F610020B1864268700A7D332</string>
				<string>F610020E1864277000A7D332</string>
				<string>F610020F1864277000A7D332</string>
				<string>F6E118BF18D8730A004204BF</string>
				<string>F6E118C018D8730A004204BF</string>
				<string>F6E1191118DC358E004204BF</string>
				<string>F6E1191218DC358E004204BF</string>
			</array>
			<key>isa</key>
			<string>PBXGroup</string>
			<key>name</key>
			<string>Operations</string>
			<key>sourceTree</key>
			<string>&lt;group&gt;</string>
		</dict>
		<key>F65A46C0182A814900229A48</key>
		<dict>
			<key>fileEncoding</key>
			<string>4</string>
			<key>isa</key>
			<string>PBXFileReference</string>
			<key>lastKnownFileType</key>
			<string>sourcecode.c.h</string>
			<key>path</key>
			<string>CCMPAPIAbstractOperation.h</string>
			<key>sourceTree</key>
			<string>&lt;group&gt;</string>
		</dict>
		<key>F65A46C1182A814900229A48</key>
		<dict>
			<key>fileEncoding</key>
			<string>4</string>
			<key>isa</key>
			<string>PBXFileReference</string>
			<key>lastKnownFileType</key>
			<string>sourcecode.c.objc</string>
			<key>path</key>
			<string>CCMPAPIAbstractOperation.m</string>
			<key>sourceTree</key>
			<string>&lt;group&gt;</string>
		</dict>
		<key>F65A46C2182A814900229A48</key>
		<dict>
			<key>fileRef</key>
			<string>F65A46C1182A814900229A48</string>
			<key>isa</key>
			<string>PBXBuildFile</string>
		</dict>
		<key>F65A46C3182A8CFE00229A48</key>
		<dict>
			<key>fileEncoding</key>
			<string>4</string>
			<key>isa</key>
			<string>PBXFileReference</string>
			<key>lastKnownFileType</key>
			<string>sourcecode.c.h</string>
			<key>path</key>
			<string>CCMPAPIDeviceGet.h</string>
			<key>sourceTree</key>
			<string>&lt;group&gt;</string>
		</dict>
		<key>F65A46C4182A8CFE00229A48</key>
		<dict>
			<key>fileEncoding</key>
			<string>4</string>
			<key>isa</key>
			<string>PBXFileReference</string>
			<key>lastKnownFileType</key>
			<string>sourcecode.c.objc</string>
			<key>path</key>
			<string>CCMPAPIDeviceGet.m</string>
			<key>sourceTree</key>
			<string>&lt;group&gt;</string>
		</dict>
		<key>F65A46C5182A8CFE00229A48</key>
		<dict>
			<key>fileRef</key>
			<string>F65A46C4182A8CFE00229A48</string>
			<key>isa</key>
			<string>PBXBuildFile</string>
		</dict>
		<key>F6607D5A184C9F1900393CD3</key>
		<dict>
			<key>fileRef</key>
			<string>F6EF331B1831236800EF6D00</string>
			<key>isa</key>
			<string>PBXBuildFile</string>
		</dict>
		<key>F6607D65184CB29A00393CD3</key>
		<dict>
			<key>isa</key>
			<string>PBXFileReference</string>
			<key>lastKnownFileType</key>
			<string>text.xcconfig</string>
			<key>path</key>
			<string>libCCMP.xcconfig</string>
			<key>sourceTree</key>
			<string>&lt;group&gt;</string>
		</dict>
		<key>F6607D86184CD00900393CD3</key>
		<dict>
			<key>fileEncoding</key>
			<string>4</string>
			<key>isa</key>
			<string>PBXFileReference</string>
			<key>lastKnownFileType</key>
			<string>sourcecode.c.h</string>
			<key>path</key>
			<string>CCMPUtils.h</string>
			<key>sourceTree</key>
			<string>&lt;group&gt;</string>
		</dict>
		<key>F6607D87184CD00900393CD3</key>
		<dict>
			<key>fileEncoding</key>
			<string>4</string>
			<key>isa</key>
			<string>PBXFileReference</string>
			<key>lastKnownFileType</key>
			<string>sourcecode.c.objc</string>
			<key>path</key>
			<string>CCMPUtils.m</string>
			<key>sourceTree</key>
			<string>&lt;group&gt;</string>
		</dict>
		<key>F6607D88184CD00900393CD3</key>
		<dict>
			<key>fileRef</key>
			<string>F6607D87184CD00900393CD3</string>
			<key>isa</key>
			<string>PBXBuildFile</string>
		</dict>
		<key>F6607D89184CD3F700393CD3</key>
		<dict>
			<key>fileRef</key>
			<string>F6FFC7B31834F35B00A78E94</string>
			<key>isa</key>
			<string>PBXBuildFile</string>
		</dict>
		<key>F6607D8A184CD45C00393CD3</key>
		<dict>
			<key>fileRef</key>
			<string>F68730471844D172000C6F06</string>
			<key>isa</key>
			<string>PBXBuildFile</string>
		</dict>
		<key>F68730471844D172000C6F06</key>
		<dict>
			<key>fileEncoding</key>
			<string>4</string>
			<key>isa</key>
			<string>PBXFileReference</string>
			<key>lastKnownFileType</key>
			<string>sourcecode.c.h</string>
			<key>path</key>
			<string>CCMPMessageMO.h</string>
			<key>sourceTree</key>
			<string>&lt;group&gt;</string>
		</dict>
		<key>F68730481844D172000C6F06</key>
		<dict>
			<key>fileEncoding</key>
			<string>4</string>
			<key>isa</key>
			<string>PBXFileReference</string>
			<key>lastKnownFileType</key>
			<string>sourcecode.c.objc</string>
			<key>path</key>
			<string>CCMPMessageMO.m</string>
			<key>sourceTree</key>
			<string>&lt;group&gt;</string>
		</dict>
		<key>F68730491844D172000C6F06</key>
		<dict>
			<key>fileRef</key>
			<string>F68730481844D172000C6F06</string>
			<key>isa</key>
			<string>PBXBuildFile</string>
		</dict>
		<key>F68DADE61846089400414A30</key>
		<dict>
			<key>fileEncoding</key>
			<string>4</string>
			<key>isa</key>
			<string>PBXFileReference</string>
			<key>lastKnownFileType</key>
			<string>sourcecode.c.h</string>
			<key>path</key>
			<string>NSException+CCMP.h</string>
			<key>sourceTree</key>
			<string>&lt;group&gt;</string>
		</dict>
		<key>F68DADE71846089400414A30</key>
		<dict>
			<key>fileEncoding</key>
			<string>4</string>
			<key>isa</key>
			<string>PBXFileReference</string>
			<key>lastKnownFileType</key>
			<string>sourcecode.c.objc</string>
			<key>path</key>
			<string>NSException+CCMP.m</string>
			<key>sourceTree</key>
			<string>&lt;group&gt;</string>
		</dict>
		<key>F68DADE81846089400414A30</key>
		<dict>
			<key>fileRef</key>
			<string>F68DADE71846089400414A30</string>
			<key>isa</key>
			<string>PBXBuildFile</string>
		</dict>
		<key>F69B80BF18437A4500C7210B</key>
		<dict>
			<key>fileEncoding</key>
			<string>4</string>
			<key>isa</key>
			<string>PBXFileReference</string>
			<key>lastKnownFileType</key>
			<string>sourcecode.c.h</string>
			<key>path</key>
			<string>CCMPAPIInboxFetch.h</string>
			<key>sourceTree</key>
			<string>&lt;group&gt;</string>
		</dict>
		<key>F69B80C018437A4500C7210B</key>
		<dict>
			<key>fileEncoding</key>
			<string>4</string>
			<key>isa</key>
			<string>PBXFileReference</string>
			<key>lastKnownFileType</key>
			<string>sourcecode.c.objc</string>
			<key>path</key>
			<string>CCMPAPIInboxFetch.m</string>
			<key>sourceTree</key>
			<string>&lt;group&gt;</string>
		</dict>
		<key>F69B80C118437A4500C7210B</key>
		<dict>
			<key>fileRef</key>
			<string>F69B80C018437A4500C7210B</string>
			<key>isa</key>
			<string>PBXBuildFile</string>
		</dict>
		<key>F69B80C2184389A500C7210B</key>
		<dict>
			<key>fileEncoding</key>
			<string>4</string>
			<key>isa</key>
			<string>PBXFileReference</string>
			<key>lastKnownFileType</key>
			<string>sourcecode.c.objc</string>
			<key>path</key>
			<string>CCMPAPIInboxFetchTests.m</string>
			<key>sourceTree</key>
			<string>&lt;group&gt;</string>
		</dict>
		<key>F69B80C4184391B800C7210B</key>
		<dict>
			<key>fileEncoding</key>
			<string>4</string>
			<key>isa</key>
			<string>PBXFileReference</string>
			<key>lastKnownFileType</key>
			<string>sourcecode.c.h</string>
			<key>path</key>
			<string>CCMPAPIOutbox.h</string>
			<key>sourceTree</key>
			<string>&lt;group&gt;</string>
		</dict>
		<key>F69B80C5184391B800C7210B</key>
		<dict>
			<key>fileEncoding</key>
			<string>4</string>
			<key>isa</key>
			<string>PBXFileReference</string>
			<key>lastKnownFileType</key>
			<string>sourcecode.c.objc</string>
			<key>path</key>
			<string>CCMPAPIOutbox.m</string>
			<key>sourceTree</key>
			<string>&lt;group&gt;</string>
		</dict>
		<key>F69B80C6184391B800C7210B</key>
		<dict>
			<key>fileRef</key>
			<string>F69B80C5184391B800C7210B</string>
			<key>isa</key>
			<string>PBXBuildFile</string>
		</dict>
		<key>F69B80C71843934C00C7210B</key>
		<dict>
			<key>fileEncoding</key>
			<string>4</string>
			<key>isa</key>
			<string>PBXFileReference</string>
			<key>lastKnownFileType</key>
			<string>sourcecode.c.objc</string>
			<key>path</key>
			<string>CCMPAPIOutboxTests.m</string>
			<key>sourceTree</key>
			<string>&lt;group&gt;</string>
		</dict>
		<key>F69B80C918439D1700C7210B</key>
		<dict>
			<key>fileEncoding</key>
			<string>4</string>
			<key>isa</key>
			<string>PBXFileReference</string>
			<key>lastKnownFileType</key>
			<string>sourcecode.c.h</string>
			<key>path</key>
			<string>CCMPAPIConfiguration.h</string>
			<key>sourceTree</key>
			<string>&lt;group&gt;</string>
		</dict>
		<key>F69B80CA18439D1700C7210B</key>
		<dict>
			<key>fileEncoding</key>
			<string>4</string>
			<key>isa</key>
			<string>PBXFileReference</string>
			<key>lastKnownFileType</key>
			<string>sourcecode.c.objc</string>
			<key>path</key>
			<string>CCMPAPIConfiguration.m</string>
			<key>sourceTree</key>
			<string>&lt;group&gt;</string>
		</dict>
		<key>F69B80CB18439D1700C7210B</key>
		<dict>
			<key>fileRef</key>
			<string>F69B80CA18439D1700C7210B</string>
			<key>isa</key>
			<string>PBXBuildFile</string>
		</dict>
		<key>F69B80CC18439DE700C7210B</key>
		<dict>
			<key>fileEncoding</key>
			<string>4</string>
			<key>isa</key>
			<string>PBXFileReference</string>
			<key>lastKnownFileType</key>
			<string>sourcecode.c.objc</string>
			<key>path</key>
			<string>CCMPAPIConfigurationTests.m</string>
			<key>sourceTree</key>
			<string>&lt;group&gt;</string>
		</dict>
		<key>F69B80CF1844810A00C7210B</key>
		<dict>
			<key>children</key>
			<array>
				<string>F68730471844D172000C6F06</string>
				<string>F68730481844D172000C6F06</string>
				<string>F612E74518D0A155004FE0C5</string>
				<string>F612E74618D0A155004FE0C5</string>
				<string>F612E74A18D0A220004FE0C5</string>
				<string>F612E74B18D0A220004FE0C5</string>
			</array>
			<key>isa</key>
			<string>PBXGroup</string>
			<key>name</key>
			<string>Models</string>
			<key>sourceTree</key>
			<string>&lt;group&gt;</string>
		</dict>
		<key>F69B80D31844845800C7210B</key>
		<dict>
			<key>children</key>
			<array>
				<string>F6E118AF18D31217004204BF</string>
				<string>F612E74418D09CC3004FE0C5</string>
				<string>F6B2201C185EDE8600BD1C01</string>
				<string>F69B81031844CAB100C7210B</string>
				<string>F69B80D41844845800C7210B</string>
			</array>
			<key>currentVersion</key>
			<string>F6E118AF18D31217004204BF</string>
			<key>isa</key>
			<string>XCVersionGroup</string>
			<key>path</key>
			<string>CCMPDatabaseModel.xcdatamodeld</string>
			<key>sourceTree</key>
			<string>&lt;group&gt;</string>
			<key>versionGroupType</key>
			<string>wrapper.xcdatamodel</string>
		</dict>
		<key>F69B80D41844845800C7210B</key>
		<dict>
			<key>isa</key>
			<string>PBXFileReference</string>
			<key>lastKnownFileType</key>
			<string>wrapper.xcdatamodel</string>
			<key>path</key>
			<string>CCMPDatabaseModel.xcdatamodel</string>
			<key>sourceTree</key>
			<string>&lt;group&gt;</string>
		</dict>
		<key>F69B80D51844845900C7210B</key>
		<dict>
			<key>fileRef</key>
			<string>F69B80D31844845800C7210B</string>
			<key>isa</key>
			<string>PBXBuildFile</string>
		</dict>
		<key>F69B80D618448C8500C7210B</key>
		<dict>
			<key>isa</key>
			<string>PBXFileReference</string>
			<key>lastKnownFileType</key>
			<string>wrapper.framework</string>
			<key>name</key>
			<string>CoreData.framework</string>
			<key>path</key>
			<string>System/Library/Frameworks/CoreData.framework</string>
			<key>sourceTree</key>
			<string>SDKROOT</string>
		</dict>
		<key>F69B80D8184497F200C7210B</key>
		<dict>
			<key>children</key>
			<array>
				<string>F6C1E78A182BED9500A371B6</string>
				<string>F6C1E78C182BEE9B00A371B6</string>
				<string>F69B80CC18439DE700C7210B</string>
				<string>F6C1E779182B97BD00A371B6</string>
				<string>F6C1E77B182BA76100A371B6</string>
				<string>F6C1E785182BB89100A371B6</string>
				<string>F6C1E794182CF9A600A371B6</string>
				<string>F69B80C2184389A500C7210B</string>
				<string>F69B80C71843934C00C7210B</string>
				<string>F64B3388191A6A52002E34A3</string>
			</array>
			<key>isa</key>
			<string>PBXGroup</string>
			<key>name</key>
			<string>LibTests [Unit Tests]</string>
			<key>sourceTree</key>
			<string>&lt;group&gt;</string>
		</dict>
		<key>F69B81031844CAB100C7210B</key>
		<dict>
			<key>isa</key>
			<string>PBXFileReference</string>
			<key>lastKnownFileType</key>
			<string>wrapper.xcdatamodel</string>
			<key>path</key>
			<string>CCMPDatabaseModel 2.xcdatamodel</string>
			<key>sourceTree</key>
			<string>&lt;group&gt;</string>
		</dict>
		<key>F6B2201C185EDE8600BD1C01</key>
		<dict>
			<key>isa</key>
			<string>PBXFileReference</string>
			<key>lastKnownFileType</key>
			<string>wrapper.xcdatamodel</string>
			<key>path</key>
			<string>CCMPDatabaseModel 3.xcdatamodel</string>
			<key>sourceTree</key>
			<string>&lt;group&gt;</string>
		</dict>
		<key>F6B5E24E184DD59700AE86B4</key>
		<dict>
			<key>fileRef</key>
			<string>F69B80D31844845800C7210B</string>
			<key>isa</key>
			<string>PBXBuildFile</string>
		</dict>
		<key>F6BA94A91920B04C00679411</key>
		<dict>
			<key>fileRef</key>
			<string>F60454BA182A23930027C174</string>
			<key>isa</key>
			<string>PBXBuildFile</string>
		</dict>
		<key>F6C1E779182B97BD00A371B6</key>
		<dict>
			<key>fileEncoding</key>
			<string>4</string>
			<key>isa</key>
			<string>PBXFileReference</string>
			<key>lastKnownFileType</key>
			<string>sourcecode.c.objc</string>
			<key>path</key>
			<string>CCMPApiDeviceGetTests.m</string>
			<key>sourceTree</key>
			<string>&lt;group&gt;</string>
		</dict>
		<key>F6C1E77B182BA76100A371B6</key>
		<dict>
			<key>fileEncoding</key>
			<string>4</string>
			<key>isa</key>
			<string>PBXFileReference</string>
			<key>lastKnownFileType</key>
			<string>sourcecode.c.objc</string>
			<key>path</key>
			<string>CCMPApiDeviceRegisterTests.m</string>
			<key>sourceTree</key>
			<string>&lt;group&gt;</string>
		</dict>
		<key>F6C1E77D182BA82300A371B6</key>
		<dict>
			<key>fileEncoding</key>
			<string>4</string>
			<key>isa</key>
			<string>PBXFileReference</string>
			<key>lastKnownFileType</key>
			<string>sourcecode.c.h</string>
			<key>path</key>
			<string>CCMPAPIDeviceRegister.h</string>
			<key>sourceTree</key>
			<string>&lt;group&gt;</string>
		</dict>
		<key>F6C1E77E182BA82300A371B6</key>
		<dict>
			<key>fileEncoding</key>
			<string>4</string>
			<key>isa</key>
			<string>PBXFileReference</string>
			<key>lastKnownFileType</key>
			<string>sourcecode.c.objc</string>
			<key>path</key>
			<string>CCMPAPIDeviceRegister.m</string>
			<key>sourceTree</key>
			<string>&lt;group&gt;</string>
		</dict>
		<key>F6C1E77F182BA82300A371B6</key>
		<dict>
			<key>fileRef</key>
			<string>F6C1E77E182BA82300A371B6</string>
			<key>isa</key>
			<string>PBXBuildFile</string>
		</dict>
		<key>F6C1E780182BA8BE00A371B6</key>
		<dict>
			<key>children</key>
			<array>
				<string>F6EF331E183125F400EF6D00</string>
				<string>F60454BA182A23930027C174</string>
			</array>
			<key>isa</key>
			<string>PBXGroup</string>
			<key>name</key>
			<string>APITests [Integration Tests]</string>
			<key>sourceTree</key>
			<string>&lt;group&gt;</string>
		</dict>
		<key>F6C1E782182BB86D00A371B6</key>
		<dict>
			<key>fileEncoding</key>
			<string>4</string>
			<key>isa</key>
			<string>PBXFileReference</string>
			<key>lastKnownFileType</key>
			<string>sourcecode.c.h</string>
			<key>path</key>
			<string>CCMPAPIDeviceUpdate.h</string>
			<key>sourceTree</key>
			<string>&lt;group&gt;</string>
		</dict>
		<key>F6C1E783182BB86D00A371B6</key>
		<dict>
			<key>fileEncoding</key>
			<string>4</string>
			<key>isa</key>
			<string>PBXFileReference</string>
			<key>lastKnownFileType</key>
			<string>sourcecode.c.objc</string>
			<key>path</key>
			<string>CCMPAPIDeviceUpdate.m</string>
			<key>sourceTree</key>
			<string>&lt;group&gt;</string>
		</dict>
		<key>F6C1E784182BB86D00A371B6</key>
		<dict>
			<key>fileRef</key>
			<string>F6C1E783182BB86D00A371B6</string>
			<key>isa</key>
			<string>PBXBuildFile</string>
		</dict>
		<key>F6C1E785182BB89100A371B6</key>
		<dict>
			<key>fileEncoding</key>
			<string>4</string>
			<key>isa</key>
			<string>PBXFileReference</string>
			<key>lastKnownFileType</key>
			<string>sourcecode.c.objc</string>
			<key>path</key>
			<string>CCMPAPIDeviceUpdateTests.m</string>
			<key>sourceTree</key>
			<string>&lt;group&gt;</string>
		</dict>
		<key>F6C1E787182BBB7D00A371B6</key>
		<dict>
			<key>fileEncoding</key>
			<string>4</string>
			<key>isa</key>
			<string>PBXFileReference</string>
			<key>lastKnownFileType</key>
			<string>sourcecode.c.h</string>
			<key>path</key>
			<string>CCMPAPIAbstractResponse.h</string>
			<key>sourceTree</key>
			<string>&lt;group&gt;</string>
		</dict>
		<key>F6C1E788182BBB7D00A371B6</key>
		<dict>
			<key>fileEncoding</key>
			<string>4</string>
			<key>isa</key>
			<string>PBXFileReference</string>
			<key>lastKnownFileType</key>
			<string>sourcecode.c.objc</string>
			<key>path</key>
			<string>CCMPAPIAbstractResponse.m</string>
			<key>sourceTree</key>
			<string>&lt;group&gt;</string>
		</dict>
		<key>F6C1E789182BBB7D00A371B6</key>
		<dict>
			<key>fileRef</key>
			<string>F6C1E788182BBB7D00A371B6</string>
			<key>isa</key>
			<string>PBXBuildFile</string>
		</dict>
		<key>F6C1E78A182BED9500A371B6</key>
		<dict>
			<key>fileEncoding</key>
			<string>4</string>
			<key>isa</key>
			<string>PBXFileReference</string>
			<key>lastKnownFileType</key>
			<string>sourcecode.c.objc</string>
			<key>path</key>
			<string>CCMPApiAbstractOperationTests.m</string>
			<key>sourceTree</key>
			<string>&lt;group&gt;</string>
		</dict>
		<key>F6C1E78C182BEE9B00A371B6</key>
		<dict>
			<key>fileEncoding</key>
			<string>4</string>
			<key>isa</key>
			<string>PBXFileReference</string>
			<key>lastKnownFileType</key>
			<string>sourcecode.c.objc</string>
			<key>path</key>
			<string>CCMPApiAbstractResponseTests.m</string>
			<key>sourceTree</key>
			<string>&lt;group&gt;</string>
		</dict>
		<key>F6C1E791182CF05800A371B6</key>
		<dict>
			<key>fileEncoding</key>
			<string>4</string>
			<key>isa</key>
			<string>PBXFileReference</string>
			<key>lastKnownFileType</key>
			<string>sourcecode.c.h</string>
			<key>path</key>
			<string>CCMPAPIDeviceVerification.h</string>
			<key>sourceTree</key>
			<string>&lt;group&gt;</string>
		</dict>
		<key>F6C1E792182CF05800A371B6</key>
		<dict>
			<key>fileEncoding</key>
			<string>4</string>
			<key>isa</key>
			<string>PBXFileReference</string>
			<key>lastKnownFileType</key>
			<string>sourcecode.c.objc</string>
			<key>path</key>
			<string>CCMPAPIDeviceVerification.m</string>
			<key>sourceTree</key>
			<string>&lt;group&gt;</string>
		</dict>
		<key>F6C1E793182CF05800A371B6</key>
		<dict>
			<key>fileRef</key>
			<string>F6C1E792182CF05800A371B6</string>
			<key>isa</key>
			<string>PBXBuildFile</string>
		</dict>
		<key>F6C1E794182CF9A600A371B6</key>
		<dict>
			<key>fileEncoding</key>
			<string>4</string>
			<key>isa</key>
			<string>PBXFileReference</string>
			<key>lastKnownFileType</key>
			<string>sourcecode.c.objc</string>
			<key>path</key>
			<string>CCMPAPIDeviceVerificationTests.m</string>
			<key>sourceTree</key>
			<string>&lt;group&gt;</string>
		</dict>
		<key>F6C9DA14191A531D001A1778</key>
		<dict>
			<key>fileRef</key>
			<string>F69B80D618448C8500C7210B</string>
			<key>isa</key>
			<string>PBXBuildFile</string>
		</dict>
		<key>F6E118AF18D31217004204BF</key>
		<dict>
			<key>isa</key>
			<string>PBXFileReference</string>
			<key>lastKnownFileType</key>
			<string>wrapper.xcdatamodel</string>
			<key>path</key>
			<string>CCMPDatabaseModel 5.xcdatamodel</string>
			<key>sourceTree</key>
			<string>&lt;group&gt;</string>
		</dict>
		<key>F6E118BF18D8730A004204BF</key>
		<dict>
			<key>fileEncoding</key>
			<string>4</string>
			<key>isa</key>
			<string>PBXFileReference</string>
			<key>lastKnownFileType</key>
			<string>sourcecode.c.h</string>
			<key>path</key>
			<string>CCMPAPIAccountGet.h</string>
			<key>sourceTree</key>
			<string>&lt;group&gt;</string>
		</dict>
		<key>F6E118C018D8730A004204BF</key>
		<dict>
			<key>fileEncoding</key>
			<string>4</string>
			<key>isa</key>
			<string>PBXFileReference</string>
			<key>lastKnownFileType</key>
			<string>sourcecode.c.objc</string>
			<key>path</key>
			<string>CCMPAPIAccountGet.m</string>
			<key>sourceTree</key>
			<string>&lt;group&gt;</string>
		</dict>
		<key>F6E118C118D8730A004204BF</key>
		<dict>
			<key>fileRef</key>
			<string>F6E118C018D8730A004204BF</string>
			<key>isa</key>
			<string>PBXBuildFile</string>
		</dict>
		<key>F6E1191118DC358E004204BF</key>
		<dict>
			<key>fileEncoding</key>
			<string>4</string>
			<key>isa</key>
			<string>PBXFileReference</string>
			<key>lastKnownFileType</key>
			<string>sourcecode.c.h</string>
			<key>path</key>
			<string>CCMPAPIConfigurationKey.h</string>
			<key>sourceTree</key>
			<string>&lt;group&gt;</string>
		</dict>
		<key>F6E1191218DC358E004204BF</key>
		<dict>
			<key>fileEncoding</key>
			<string>4</string>
			<key>isa</key>
			<string>PBXFileReference</string>
			<key>lastKnownFileType</key>
			<string>sourcecode.c.objc</string>
			<key>path</key>
			<string>CCMPAPIConfigurationKey.m</string>
			<key>sourceTree</key>
			<string>&lt;group&gt;</string>
		</dict>
		<key>F6E1191318DC358E004204BF</key>
		<dict>
			<key>fileRef</key>
			<string>F6E1191218DC358E004204BF</string>
			<key>isa</key>
			<string>PBXBuildFile</string>
		</dict>
		<key>F6EF3314183119F300EF6D00</key>
		<dict>
			<key>children</key>
			<array>
				<string>F6607D86184CD00900393CD3</string>
				<string>F6607D87184CD00900393CD3</string>
				<string>F610021A1864454300A7D332</string>
				<string>F610021B1864454300A7D332</string>
				<string>F68DADE61846089400414A30</string>
				<string>F68DADE71846089400414A30</string>
				<string>F6EF331518311A1400EF6D00</string>
				<string>F6EF331618311A1400EF6D00</string>
			</array>
			<key>isa</key>
			<string>PBXGroup</string>
			<key>name</key>
			<string>Utils</string>
			<key>sourceTree</key>
			<string>&lt;group&gt;</string>
		</dict>
		<key>F6EF331518311A1400EF6D00</key>
		<dict>
			<key>fileEncoding</key>
			<string>4</string>
			<key>isa</key>
			<string>PBXFileReference</string>
			<key>lastKnownFileType</key>
			<string>sourcecode.c.h</string>
			<key>path</key>
			<string>NSUserDefaults+CCMP.h</string>
			<key>sourceTree</key>
			<string>&lt;group&gt;</string>
		</dict>
		<key>F6EF331618311A1400EF6D00</key>
		<dict>
			<key>fileEncoding</key>
			<string>4</string>
			<key>isa</key>
			<string>PBXFileReference</string>
			<key>lastKnownFileType</key>
			<string>sourcecode.c.objc</string>
			<key>path</key>
			<string>NSUserDefaults+CCMP.m</string>
			<key>sourceTree</key>
			<string>&lt;group&gt;</string>
		</dict>
		<key>F6EF331718311A1400EF6D00</key>
		<dict>
			<key>fileRef</key>
			<string>F6EF331618311A1400EF6D00</string>
			<key>isa</key>
			<string>PBXBuildFile</string>
		</dict>
		<key>F6EF331B1831236800EF6D00</key>
		<dict>
			<key>fileEncoding</key>
			<string>4</string>
			<key>isa</key>
			<string>PBXFileReference</string>
			<key>lastKnownFileType</key>
			<string>sourcecode.c.h</string>
			<key>path</key>
			<string>CCMPVariables.h</string>
			<key>sourceTree</key>
			<string>&lt;group&gt;</string>
		</dict>
		<key>F6EF331C1831236800EF6D00</key>
		<dict>
			<key>fileEncoding</key>
			<string>4</string>
			<key>isa</key>
			<string>PBXFileReference</string>
			<key>lastKnownFileType</key>
			<string>sourcecode.c.objc</string>
			<key>path</key>
			<string>CCMPVariables.m</string>
			<key>sourceTree</key>
			<string>&lt;group&gt;</string>
		</dict>
		<key>F6EF331D1831236800EF6D00</key>
		<dict>
			<key>fileRef</key>
			<string>F6EF331C1831236800EF6D00</string>
			<key>isa</key>
			<string>PBXBuildFile</string>
		</dict>
		<key>F6EF331E183125F400EF6D00</key>
		<dict>
			<key>fileEncoding</key>
			<string>4</string>
			<key>isa</key>
			<string>PBXFileReference</string>
			<key>lastKnownFileType</key>
			<string>sourcecode.c.objc</string>
			<key>path</key>
			<string>CCMPTests.m</string>
			<key>sourceTree</key>
			<string>&lt;group&gt;</string>
		</dict>
		<key>F6EF33201832111900EF6D00</key>
		<dict>
			<key>children</key>
			<array>
				<string>F6EF33211832114600EF6D00</string>
			</array>
			<key>isa</key>
			<string>PBXGroup</string>
			<key>name</key>
			<string>Libraries</string>
			<key>path</key>
			<string>..</string>
			<key>sourceTree</key>
			<string>&lt;group&gt;</string>
		</dict>
		<key>F6EF33211832114600EF6D00</key>
		<dict>
			<key>children</key>
			<array>
				<string>F6EF33251832114600EF6D00</string>
				<string>F6EF33261832114600EF6D00</string>
			</array>
			<key>isa</key>
			<string>PBXGroup</string>
			<key>name</key>
			<string>xctest-additions-master</string>
			<key>path</key>
			<string>CCMPTests/Libraries/xctest-additions-master</string>
			<key>sourceTree</key>
			<string>&lt;group&gt;</string>
		</dict>
		<key>F6EF33251832114600EF6D00</key>
		<dict>
			<key>fileEncoding</key>
			<string>4</string>
			<key>isa</key>
			<string>PBXFileReference</string>
			<key>lastKnownFileType</key>
			<string>sourcecode.c.h</string>
			<key>path</key>
			<string>XCTAsyncTestCase.h</string>
			<key>sourceTree</key>
			<string>&lt;group&gt;</string>
		</dict>
		<key>F6EF33261832114600EF6D00</key>
		<dict>
			<key>fileEncoding</key>
			<string>4</string>
			<key>isa</key>
			<string>PBXFileReference</string>
			<key>lastKnownFileType</key>
			<string>sourcecode.c.objc</string>
			<key>path</key>
			<string>XCTAsyncTestCase.m</string>
			<key>sourceTree</key>
			<string>&lt;group&gt;</string>
		</dict>
		<key>F6FFC7B31834F35B00A78E94</key>
		<dict>
			<key>fileEncoding</key>
			<string>4</string>
			<key>isa</key>
			<string>PBXFileReference</string>
			<key>lastKnownFileType</key>
			<string>sourcecode.c.h</string>
			<key>path</key>
			<string>CCMPDatabase.h</string>
			<key>sourceTree</key>
			<string>&lt;group&gt;</string>
		</dict>
		<key>F6FFC7B41834F35B00A78E94</key>
		<dict>
			<key>fileEncoding</key>
			<string>4</string>
			<key>isa</key>
			<string>PBXFileReference</string>
			<key>lastKnownFileType</key>
			<string>sourcecode.c.objc</string>
			<key>path</key>
			<string>CCMPDatabase.m</string>
			<key>sourceTree</key>
			<string>&lt;group&gt;</string>
		</dict>
		<key>F6FFC7B51834F35B00A78E94</key>
		<dict>
			<key>fileRef</key>
			<string>F6FFC7B41834F35B00A78E94</string>
			<key>isa</key>
			<string>PBXBuildFile</string>
		</dict>
		<key>FA3EF1EF68774ABA9FEC74BE</key>
		<dict>
			<key>buildActionMask</key>
			<string>2147483647</string>
			<key>files</key>
			<array/>
			<key>inputPaths</key>
			<array/>
			<key>isa</key>
			<string>PBXShellScriptBuildPhase</string>
			<key>name</key>
			<string>Copy Pods Resources</string>
			<key>outputPaths</key>
			<array/>
			<key>runOnlyForDeploymentPostprocessing</key>
			<string>0</string>
			<key>shellPath</key>
			<string>/bin/sh</string>
			<key>shellScript</key>
			<string>"${SRCROOT}/Pods/Target Support Files/Pods/Pods-resources.sh"
</string>
			<key>showEnvVarsInLog</key>
			<string>0</string>
		</dict>
	</dict>
	<key>rootObject</key>
	<string>F6045493182A23930027C174</string>
</dict>
</plist>
